
Microsoft Visual Studio Solution File, Format Version 12.00
# Visual Studio Version 16
VisualStudioVersion = 16.0.31605.320
MinimumVisualStudioVersion = 10.0.40219.1
Project("{FAE04EC0-301F-11D3-BF4B-00C04F79EFBC}") = "Interruptable", "Interruptable\Interruptable.csproj", "{767BB8EC-618F-4CDB-A1CB-24CA0D871219}"
EndProject
Global
	GlobalSection(SolutionConfigurationPlatforms) = preSolution
		Debug|Any CPU = Debug|Any CPU
		Release|Any CPU = Release|Any CPU
	EndGlobalSection
	GlobalSection(ProjectConfigurationPlatforms) = postSolution
		{767BB8EC-618F-4CDB-A1CB-24CA0D871219}.Debug|Any CPU.ActiveCfg = Debug|Any CPU
		{767BB8EC-618F-4CDB-A1CB-24CA0D871219}.Debug|Any CPU.Build.0 = Debug|Any CPU
		{767BB8EC-618F-4CDB-A1CB-24CA0D871219}.Release|Any CPU.ActiveCfg = Release|Any CPU
		{767BB8EC-618F-4CDB-A1CB-24CA0D871219}.Release|Any CPU.Build.0 = Release|Any CPU
	EndGlobalSection
	GlobalSection(SolutionProperties) = preSolution
		HideSolutionNode = FALSE
	EndGlobalSection
	GlobalSection(ExtensibilityGlobals) = postSolution
		SolutionGuid = {F06CC452-764A-44AE-84E1-7C5435F1FC07}
	EndGlobalSection
EndGlobal
